
Microsoft Visual Studio Solution File, Format Version 12.00
# Visual Studio 15
VisualStudioVersion = 15.0.28010.2050
MinimumVisualStudioVersion = 10.0.40219.1
Project("{FAE04EC0-301F-11D3-BF4B-00C04F79EFBC}") = "LetsChat", "LetsChat\LetsChat.csproj", "{ADD696E6-4278-4957-8320-421B8E0241E2}"
EndProject
Global
	GlobalSection(SolutionConfigurationPlatforms) = preSolution
		Debug|Any CPU = Debug|Any CPU
		Release|Any CPU = Release|Any CPU
	EndGlobalSection
	GlobalSection(ProjectConfigurationPlatforms) = postSolution
		{ADD696E6-4278-4957-8320-421B8E0241E2}.Debug|Any CPU.ActiveCfg = Debug|Any CPU
		{ADD696E6-4278-4957-8320-421B8E0241E2}.Debug|Any CPU.Build.0 = Debug|Any CPU
		{ADD696E6-4278-4957-8320-421B8E0241E2}.Release|Any CPU.ActiveCfg = Release|Any CPU
		{ADD696E6-4278-4957-8320-421B8E0241E2}.Release|Any CPU.Build.0 = Release|Any CPU
	EndGlobalSection
	GlobalSection(SolutionProperties) = preSolution
		HideSolutionNode = FALSE
	EndGlobalSection
	GlobalSection(ExtensibilityGlobals) = postSolution
		SolutionGuid = {DE362F51-843C-4037-985C-1A643037057F}
	EndGlobalSection
EndGlobal
